// !$*UTF8*$!
{
	archiveVersion = 1;
	classes = {
	};
	objectVersion = 56;
	objects = {

/* Begin PBXBuildFile section */
		951CFA302AAC928C00E6468C /* AddCountdownViewController.swift in Sources */ = {isa = PBXBuildFile; fileRef = 951CFA2F2AAC928C00E6468C /* AddCountdownViewController.swift */; };
		951CFA552AACA88C00E6468C /* Constants.swift in Sources */ = {isa = PBXBuildFile; fileRef = 951CFA542AACA88C00E6468C /* Constants.swift */; };
		951CFA582AACAD1200E6468C /* MCEmojiPicker in Frameworks */ = {isa = PBXBuildFile; productRef = 951CFA572AACAD1200E6468C /* MCEmojiPicker */; };
		951CFA5B2AADCEEA00E6468C /* Realm in Frameworks */ = {isa = PBXBuildFile; productRef = 951CFA5A2AADCEEA00E6468C /* Realm */; };
		951CFA5D2AADCEEA00E6468C /* RealmSwift in Frameworks */ = {isa = PBXBuildFile; productRef = 951CFA5C2AADCEEA00E6468C /* RealmSwift */; };
		951CFA602AADCFAB00E6468C /* Countdown.swift in Sources */ = {isa = PBXBuildFile; fileRef = 951CFA5F2AADCFAB00E6468C /* Countdown.swift */; };
		953F48272AAA338D004234C9 /* AppDelegate.swift in Sources */ = {isa = PBXBuildFile; fileRef = 953F48262AAA338D004234C9 /* AppDelegate.swift */; };
		953F48292AAA338D004234C9 /* SceneDelegate.swift in Sources */ = {isa = PBXBuildFile; fileRef = 953F48282AAA338D004234C9 /* SceneDelegate.swift */; };
		953F482B2AAA338D004234C9 /* CountdownViewController.swift in Sources */ = {isa = PBXBuildFile; fileRef = 953F482A2AAA338D004234C9 /* CountdownViewController.swift */; };
		953F482E2AAA338D004234C9 /* Main.storyboard in Resources */ = {isa = PBXBuildFile; fileRef = 953F482C2AAA338D004234C9 /* Main.storyboard */; };
		953F48302AAA338F004234C9 /* Assets.xcassets in Resources */ = {isa = PBXBuildFile; fileRef = 953F482F2AAA338F004234C9 /* Assets.xcassets */; };
		953F48332AAA338F004234C9 /* LaunchScreen.storyboard in Resources */ = {isa = PBXBuildFile; fileRef = 953F48312AAA338F004234C9 /* LaunchScreen.storyboard */; };
		953F483C2AAA8923004234C9 /* CountdownTableViewCell.swift in Sources */ = {isa = PBXBuildFile; fileRef = 953F483A2AAA8923004234C9 /* CountdownTableViewCell.swift */; };
		953F483D2AAA8923004234C9 /* CountdownTableViewCell.xib in Resources */ = {isa = PBXBuildFile; fileRef = 953F483B2AAA8923004234C9 /* CountdownTableViewCell.xib */; };
		95D2FD5D2AADFCB400F38E05 /* PastCountdownsViewController.swift in Sources */ = {isa = PBXBuildFile; fileRef = 95D2FD5C2AADFCB400F38E05 /* PastCountdownsViewController.swift */; };
/* End PBXBuildFile section */

/* Begin PBXFileReference section */
		951CFA2F2AAC928C00E6468C /* AddCountdownViewController.swift */ = {isa = PBXFileReference; lastKnownFileType = sourcecode.swift; path = AddCountdownViewController.swift; sourceTree = "<group>"; };
		951CFA542AACA88C00E6468C /* Constants.swift */ = {isa = PBXFileReference; lastKnownFileType = sourcecode.swift; path = Constants.swift; sourceTree = "<group>"; };
		951CFA5F2AADCFAB00E6468C /* Countdown.swift */ = {isa = PBXFileReference; lastKnownFileType = sourcecode.swift; path = Countdown.swift; sourceTree = "<group>"; };
		953F48232AAA338D004234C9 /* Countdown Application.app */ = {isa = PBXFileReference; explicitFileType = wrapper.application; includeInIndex = 0; path = "Countdown Application.app"; sourceTree = BUILT_PRODUCTS_DIR; };
		953F48262AAA338D004234C9 /* AppDelegate.swift */ = {isa = PBXFileReference; lastKnownFileType = sourcecode.swift; path = AppDelegate.swift; sourceTree = "<group>"; };
		953F48282AAA338D004234C9 /* SceneDelegate.swift */ = {isa = PBXFileReference; lastKnownFileType = sourcecode.swift; path = SceneDelegate.swift; sourceTree = "<group>"; };
		953F482A2AAA338D004234C9 /* CountdownViewController.swift */ = {isa = PBXFileReference; lastKnownFileType = sourcecode.swift; path = CountdownViewController.swift; sourceTree = "<group>"; };
		953F482D2AAA338D004234C9 /* Base */ = {isa = PBXFileReference; lastKnownFileType = file.storyboard; name = Base; path = Base.lproj/Main.storyboard; sourceTree = "<group>"; };
		953F482F2AAA338F004234C9 /* Assets.xcassets */ = {isa = PBXFileReference; lastKnownFileType = folder.assetcatalog; path = Assets.xcassets; sourceTree = "<group>"; };
		953F48322AAA338F004234C9 /* Base */ = {isa = PBXFileReference; lastKnownFileType = file.storyboard; name = Base; path = Base.lproj/LaunchScreen.storyboard; sourceTree = "<group>"; };
		953F48342AAA338F004234C9 /* Info.plist */ = {isa = PBXFileReference; lastKnownFileType = text.plist.xml; path = Info.plist; sourceTree = "<group>"; };
		953F483A2AAA8923004234C9 /* CountdownTableViewCell.swift */ = {isa = PBXFileReference; lastKnownFileType = sourcecode.swift; path = CountdownTableViewCell.swift; sourceTree = "<group>"; };
		953F483B2AAA8923004234C9 /* CountdownTableViewCell.xib */ = {isa = PBXFileReference; lastKnownFileType = file.xib; path = CountdownTableViewCell.xib; sourceTree = "<group>"; };
		95D2FD5C2AADFCB400F38E05 /* PastCountdownsViewController.swift */ = {isa = PBXFileReference; lastKnownFileType = sourcecode.swift; path = PastCountdownsViewController.swift; sourceTree = "<group>"; };
/* End PBXFileReference section */

/* Begin PBXFrameworksBuildPhase section */
		953F48202AAA338D004234C9 /* Frameworks */ = {
			isa = PBXFrameworksBuildPhase;
			buildActionMask = 2147483647;
			files = (
				951CFA5D2AADCEEA00E6468C /* RealmSwift in Frameworks */,
				951CFA5B2AADCEEA00E6468C /* Realm in Frameworks */,
				951CFA582AACAD1200E6468C /* MCEmojiPicker in Frameworks */,
			);
			runOnlyForDeploymentPostprocessing = 0;
		};
/* End PBXFrameworksBuildPhase section */

/* Begin PBXGroup section */
		951CFA312AAC929400E6468C /* Controllers */ = {
			isa = PBXGroup;
			children = (
				953F482A2AAA338D004234C9 /* CountdownViewController.swift */,
				951CFA2F2AAC928C00E6468C /* AddCountdownViewController.swift */,
				95D2FD5C2AADFCB400F38E05 /* PastCountdownsViewController.swift */,
			);
			path = Controllers;
			sourceTree = "<group>";
		};
		951CFA5E2AADCF9700E6468C /* Model */ = {
			isa = PBXGroup;
			children = (
				951CFA5F2AADCFAB00E6468C /* Countdown.swift */,
			);
			path = Model;
			sourceTree = "<group>";
		};
		951CFA612AADD11100E6468C /* Delegates */ = {
			isa = PBXGroup;
			children = (
				953F48262AAA338D004234C9 /* AppDelegate.swift */,
				953F48282AAA338D004234C9 /* SceneDelegate.swift */,
			);
			path = Delegates;
			sourceTree = "<group>";
		};
		953F481A2AAA338D004234C9 = {
			isa = PBXGroup;
			children = (
				953F48252AAA338D004234C9 /* Countdown Application */,
				953F48242AAA338D004234C9 /* Products */,
			);
			sourceTree = "<group>";
		};
		953F48242AAA338D004234C9 /* Products */ = {
			isa = PBXGroup;
			children = (
				953F48232AAA338D004234C9 /* Countdown Application.app */,
			);
			name = Products;
			sourceTree = "<group>";
		};
		953F48252AAA338D004234C9 /* Countdown Application */ = {
			isa = PBXGroup;
			children = (
				951CFA312AAC929400E6468C /* Controllers */,
				951CFA5E2AADCF9700E6468C /* Model */,
				951CFA612AADD11100E6468C /* Delegates */,
				953F483E2AAA8927004234C9 /* Cell */,
				953F482C2AAA338D004234C9 /* Main.storyboard */,
				953F482F2AAA338F004234C9 /* Assets.xcassets */,
				953F48312AAA338F004234C9 /* LaunchScreen.storyboard */,
				953F48342AAA338F004234C9 /* Info.plist */,
				951CFA542AACA88C00E6468C /* Constants.swift */,
			);
			path = "Countdown Application";
			sourceTree = "<group>";
		};
		953F483E2AAA8927004234C9 /* Cell */ = {
			isa = PBXGroup;
			children = (
				953F483A2AAA8923004234C9 /* CountdownTableViewCell.swift */,
				953F483B2AAA8923004234C9 /* CountdownTableViewCell.xib */,
			);
			path = Cell;
			sourceTree = "<group>";
		};
/* End PBXGroup section */

/* Begin PBXNativeTarget section */
		953F48222AAA338D004234C9 /* Countdown Application */ = {
			isa = PBXNativeTarget;
			buildConfigurationList = 953F48372AAA338F004234C9 /* Build configuration list for PBXNativeTarget "Countdown Application" */;
			buildPhases = (
				953F481F2AAA338D004234C9 /* Sources */,
				953F48202AAA338D004234C9 /* Frameworks */,
				953F48212AAA338D004234C9 /* Resources */,
			);
			buildRules = (
			);
			dependencies = (
			);
			name = "Countdown Application";
			packageProductDependencies = (
				951CFA572AACAD1200E6468C /* MCEmojiPicker */,
				951CFA5A2AADCEEA00E6468C /* Realm */,
				951CFA5C2AADCEEA00E6468C /* RealmSwift */,
			);
			productName = "Countdown Application";
			productReference = 953F48232AAA338D004234C9 /* Countdown Application.app */;
			productType = "com.apple.product-type.application";
		};
/* End PBXNativeTarget section */

/* Begin PBXProject section */
		953F481B2AAA338D004234C9 /* Project object */ = {
			isa = PBXProject;
			attributes = {
				BuildIndependentTargetsInParallel = 1;
				LastSwiftUpdateCheck = 1430;
				LastUpgradeCheck = 1430;
				TargetAttributes = {
					953F48222AAA338D004234C9 = {
						CreatedOnToolsVersion = 14.3.1;
					};
				};
			};
			buildConfigurationList = 953F481E2AAA338D004234C9 /* Build configuration list for PBXProject "Countdown Application" */;
			compatibilityVersion = "Xcode 14.0";
			developmentRegion = en;
			hasScannedForEncodings = 0;
			knownRegions = (
				en,
				Base,
			);
			mainGroup = 953F481A2AAA338D004234C9;
			packageReferences = (
				951CFA562AACAD1200E6468C /* XCRemoteSwiftPackageReference "MCEmojiPicker" */,
				951CFA592AADCEEA00E6468C /* XCRemoteSwiftPackageReference "realm-swift" */,
			);
			productRefGroup = 953F48242AAA338D004234C9 /* Products */;
			projectDirPath = "";
			projectRoot = "";
			targets = (
				953F48222AAA338D004234C9 /* Countdown Application */,
			);
		};
/* End PBXProject section */

/* Begin PBXResourcesBuildPhase section */
		953F48212AAA338D004234C9 /* Resources */ = {
			isa = PBXResourcesBuildPhase;
			buildActionMask = 2147483647;
			files = (
				953F48332AAA338F004234C9 /* LaunchScreen.storyboard in Resources */,
				953F48302AAA338F004234C9 /* Assets.xcassets in Resources */,
				953F482E2AAA338D004234C9 /* Main.storyboard in Resources */,
				953F483D2AAA8923004234C9 /* CountdownTableViewCell.xib in Resources */,
			);
			runOnlyForDeploymentPostprocessing = 0;
		};
/* End PBXResourcesBuildPhase section */

/* Begin PBXSourcesBuildPhase section */
		953F481F2AAA338D004234C9 /* Sources */ = {
			isa = PBXSourcesBuildPhase;
			buildActionMask = 2147483647;
			files = (
				95D2FD5D2AADFCB400F38E05 /* PastCountdownsViewController.swift in Sources */,
				953F482B2AAA338D004234C9 /* CountdownViewController.swift in Sources */,
				953F48272AAA338D004234C9 /* AppDelegate.swift in Sources */,
				953F48292AAA338D004234C9 /* SceneDelegate.swift in Sources */,
				953F483C2AAA8923004234C9 /* CountdownTableViewCell.swift in Sources */,
				951CFA602AADCFAB00E6468C /* Countdown.swift in Sources */,
				951CFA302AAC928C00E6468C /* AddCountdownViewController.swift in Sources */,
				951CFA552AACA88C00E6468C /* Constants.swift in Sources */,
			);
			runOnlyForDeploymentPostprocessing = 0;
		};
/* End PBXSourcesBuildPhase section */

/* Begin PBXVariantGroup section */
		953F482C2AAA338D004234C9 /* Main.storyboard */ = {
			isa = PBXVariantGroup;
			children = (
				953F482D2AAA338D004234C9 /* Base */,
			);
			name = Main.storyboard;
			sourceTree = "<group>";
		};
		953F48312AAA338F004234C9 /* LaunchScreen.storyboard */ = {
			isa = PBXVariantGroup;
			children = (
				953F48322AAA338F004234C9 /* Base */,
			);
			name = LaunchScreen.storyboard;
			sourceTree = "<group>";
		};
/* End PBXVariantGroup section */

/* Begin XCBuildConfiguration section */
		953F48352AAA338F004234C9 /* Debug */ = {
			isa = XCBuildConfiguration;
			buildSettings = {
				ALWAYS_SEARCH_USER_PATHS = NO;
				CLANG_ANALYZER_NONNULL = YES;
				CLANG_ANALYZER_NUMBER_OBJECT_CONVERSION = YES_AGGRESSIVE;
				CLANG_CXX_LANGUAGE_STANDARD = "gnu++20";
				CLANG_ENABLE_MODULES = YES;
				CLANG_ENABLE_OBJC_ARC = YES;
				CLANG_ENABLE_OBJC_WEAK = YES;
				CLANG_WARN_BLOCK_CAPTURE_AUTORELEASING = YES;
				CLANG_WARN_BOOL_CONVERSION = YES;
				CLANG_WARN_COMMA = YES;
				CLANG_WARN_CONSTANT_CONVERSION = YES;
				CLANG_WARN_DEPRECATED_OBJC_IMPLEMENTATIONS = YES;
				CLANG_WARN_DIRECT_OBJC_ISA_USAGE = YES_ERROR;
				CLANG_WARN_DOCUMENTATION_COMMENTS = YES;
				CLANG_WARN_EMPTY_BODY = YES;
				CLANG_WARN_ENUM_CONVERSION = YES;
				CLANG_WARN_INFINITE_RECURSION = YES;
				CLANG_WARN_INT_CONVERSION = YES;
				CLANG_WARN_NON_LITERAL_NULL_CONVERSION = YES;
				CLANG_WARN_OBJC_IMPLICIT_RETAIN_SELF = YES;
				CLANG_WARN_OBJC_LITERAL_CONVERSION = YES;
				CLANG_WARN_OBJC_ROOT_CLASS = YES_ERROR;
				CLANG_WARN_QUOTED_INCLUDE_IN_FRAMEWORK_HEADER = YES;
				CLANG_WARN_RANGE_LOOP_ANALYSIS = YES;
				CLANG_WARN_STRICT_PROTOTYPES = YES;
				CLANG_WARN_SUSPICIOUS_MOVE = YES;
				CLANG_WARN_UNGUARDED_AVAILABILITY = YES_AGGRESSIVE;
				CLANG_WARN_UNREACHABLE_CODE = YES;
				CLANG_WARN__DUPLICATE_METHOD_MATCH = YES;
				COPY_PHASE_STRIP = NO;
				DEBUG_INFORMATION_FORMAT = dwarf;
				ENABLE_STRICT_OBJC_MSGSEND = YES;
				ENABLE_TESTABILITY = YES;
				GCC_C_LANGUAGE_STANDARD = gnu11;
				GCC_DYNAMIC_NO_PIC = NO;
				GCC_NO_COMMON_BLOCKS = YES;
				GCC_OPTIMIZATION_LEVEL = 0;
				GCC_PREPROCESSOR_DEFINITIONS = (
					"DEBUG=1",
					"$(inherited)",
				);
				GCC_WARN_64_TO_32_BIT_CONVERSION = YES;
				GCC_WARN_ABOUT_RETURN_TYPE = YES_ERROR;
				GCC_WARN_UNDECLARED_SELECTOR = YES;
				GCC_WARN_UNINITIALIZED_AUTOS = YES_AGGRESSIVE;
				GCC_WARN_UNUSED_FUNCTION = YES;
				GCC_WARN_UNUSED_VARIABLE = YES;
				IPHONEOS_DEPLOYMENT_TARGET = 16.4;
				MTL_ENABLE_DEBUG_INFO = INCLUDE_SOURCE;
				MTL_FAST_MATH = YES;
				ONLY_ACTIVE_ARCH = YES;
				SDKROOT = iphoneos;
				SWIFT_ACTIVE_COMPILATION_CONDITIONS = DEBUG;
				SWIFT_OPTIMIZATION_LEVEL = "-Onone";
			};
			name = Debug;
		};
		953F48362AAA338F004234C9 /* Release */ = {
			isa = XCBuildConfiguration;
			buildSettings = {
				ALWAYS_SEARCH_USER_PATHS = NO;
				CLANG_ANALYZER_NONNULL = YES;
				CLANG_ANALYZER_NUMBER_OBJECT_CONVERSION = YES_AGGRESSIVE;
				CLANG_CXX_LANGUAGE_STANDARD = "gnu++20";
				CLANG_ENABLE_MODULES = YES;
				CLANG_ENABLE_OBJC_ARC = YES;
				CLANG_ENABLE_OBJC_WEAK = YES;
				CLANG_WARN_BLOCK_CAPTURE_AUTORELEASING = YES;
				CLANG_WARN_BOOL_CONVERSION = YES;
				CLANG_WARN_COMMA = YES;
				CLANG_WARN_CONSTANT_CONVERSION = YES;
				CLANG_WARN_DEPRECATED_OBJC_IMPLEMENTATIONS = YES;
				CLANG_WARN_DIRECT_OBJC_ISA_USAGE = YES_ERROR;
				CLANG_WARN_DOCUMENTATION_COMMENTS = YES;
				CLANG_WARN_EMPTY_BODY = YES;
				CLANG_WARN_ENUM_CONVERSION = YES;
				CLANG_WARN_INFINITE_RECURSION = YES;
				CLANG_WARN_INT_CONVERSION = YES;
				CLANG_WARN_NON_LITERAL_NULL_CONVERSION = YES;
				CLANG_WARN_OBJC_IMPLICIT_RETAIN_SELF = YES;
				CLANG_WARN_OBJC_LITERAL_CONVERSION = YES;
				CLANG_WARN_OBJC_ROOT_CLASS = YES_ERROR;
				CLANG_WARN_QUOTED_INCLUDE_IN_FRAMEWORK_HEADER = YES;
				CLANG_WARN_RANGE_LOOP_ANALYSIS = YES;
				CLANG_WARN_STRICT_PROTOTYPES = YES;
				CLANG_WARN_SUSPICIOUS_MOVE = YES;
				CLANG_WARN_UNGUARDED_AVAILABILITY = YES_AGGRESSIVE;
				CLANG_WARN_UNREACHABLE_CODE = YES;
				CLANG_WARN__DUPLICATE_METHOD_MATCH = YES;
				COPY_PHASE_STRIP = NO;
				DEBUG_INFORMATION_FORMAT = "dwarf-with-dsym";
				ENABLE_NS_ASSERTIONS = NO;
				ENABLE_STRICT_OBJC_MSGSEND = YES;
				GCC_C_LANGUAGE_STANDARD = gnu11;
				GCC_NO_COMMON_BLOCKS = YES;
				GCC_WARN_64_TO_32_BIT_CONVERSION = YES;
				GCC_WARN_ABOUT_RETURN_TYPE = YES_ERROR;
				GCC_WARN_UNDECLARED_SELECTOR = YES;
				GCC_WARN_UNINITIALIZED_AUTOS = YES_AGGRESSIVE;
				GCC_WARN_UNUSED_FUNCTION = YES;
				GCC_WARN_UNUSED_VARIABLE = YES;
				IPHONEOS_DEPLOYMENT_TARGET = 16.4;
				MTL_ENABLE_DEBUG_INFO = NO;
				MTL_FAST_MATH = YES;
				SDKROOT = iphoneos;
				SWIFT_COMPILATION_MODE = wholemodule;
				SWIFT_OPTIMIZATION_LEVEL = "-O";
				VALIDATE_PRODUCT = YES;
			};
			name = Release;
		};
		953F48382AAA338F004234C9 /* Debug */ = {
			isa = XCBuildConfiguration;
			buildSettings = {
				ASSETCATALOG_COMPILER_APPICON_NAME = AppIcon;
				ASSETCATALOG_COMPILER_GLOBAL_ACCENT_COLOR_NAME = AccentColor;
				CODE_SIGN_STYLE = Automatic;
				CURRENT_PROJECT_VERSION = 1;
				DEVELOPMENT_TEAM = 6N97WYA79M;
				GENERATE_INFOPLIST_FILE = YES;
				INFOPLIST_FILE = "Countdown Application/Info.plist";
				INFOPLIST_KEY_UIApplicationSupportsIndirectInputEvents = YES;
				INFOPLIST_KEY_UILaunchStoryboardName = LaunchScreen;
				INFOPLIST_KEY_UIMainStoryboardFile = Main;
				INFOPLIST_KEY_UISupportedInterfaceOrientations_iPad = "UIInterfaceOrientationPortrait UIInterfaceOrientationPortraitUpsideDown UIInterfaceOrientationLandscapeLeft UIInterfaceOrientationLandscapeRight";
				INFOPLIST_KEY_UISupportedInterfaceOrientations_iPhone = "UIInterfaceOrientationPortrait UIInterfaceOrientationLandscapeLeft UIInterfaceOrientationLandscapeRight";
				IPHONEOS_DEPLOYMENT_TARGET = 15.0;
				LD_RUNPATH_SEARCH_PATHS = (
					"$(inherited)",
					"@executable_path/Frameworks",
				);
				MARKETING_VERSION = 1.0;
				PRODUCT_BUNDLE_IDENTIFIER = "me.eryavuz.burak.Countdown-Application";
				PRODUCT_NAME = "$(TARGET_NAME)";
				SWIFT_EMIT_LOC_STRINGS = YES;
				SWIFT_VERSION = 5.0;
				TARGETED_DEVICE_FAMILY = "1,2";
			};
			name = Debug;
		};
		953F48392AAA338F004234C9 /* Release */ = {
			isa = XCBuildConfiguration;
			buildSettings = {
				ASSETCATALOG_COMPILER_APPICON_NAME = AppIcon;
				ASSETCATALOG_COMPILER_GLOBAL_ACCENT_COLOR_NAME = AccentColor;
				CODE_SIGN_STYLE = Automatic;
				CURRENT_PROJECT_VERSION = 1;
				DEVELOPMENT_TEAM = 6N97WYA79M;
				GENERATE_INFOPLIST_FILE = YES;
				INFOPLIST_FILE = "Countdown Application/Info.plist";
				INFOPLIST_KEY_UIApplicationSupportsIndirectInputEvents = YES;
				INFOPLIST_KEY_UILaunchStoryboardName = LaunchScreen;
				INFOPLIST_KEY_UIMainStoryboardFile = Main;
				INFOPLIST_KEY_UISupportedInterfaceOrientations_iPad = "UIInterfaceOrientationPortrait UIInterfaceOrientationPortraitUpsideDown UIInterfaceOrientationLandscapeLeft UIInterfaceOrientationLandscapeRight";
				INFOPLIST_KEY_UISupportedInterfaceOrientations_iPhone = "UIInterfaceOrientationPortrait UIInterfaceOrientationLandscapeLeft UIInterfaceOrientationLandscapeRight";
				IPHONEOS_DEPLOYMENT_TARGET = 15.0;
				LD_RUNPATH_SEARCH_PATHS = (
					"$(inherited)",
					"@executable_path/Frameworks",
				);
				MARKETING_VERSION = 1.0;
				PRODUCT_BUNDLE_IDENTIFIER = "me.eryavuz.burak.Countdown-Application";
				PRODUCT_NAME = "$(TARGET_NAME)";
				SWIFT_EMIT_LOC_STRINGS = YES;
				SWIFT_VERSION = 5.0;
				TARGETED_DEVICE_FAMILY = "1,2";
			};
			name = Release;
		};
/* End XCBuildConfiguration section */

/* Begin XCConfigurationList section */
		953F481E2AAA338D004234C9 /* Build configuration list for PBXProject "Countdown Application" */ = {
			isa = XCConfigurationList;
			buildConfigurations = (
				953F48352AAA338F004234C9 /* Debug */,
				953F48362AAA338F004234C9 /* Release */,
			);
			defaultConfigurationIsVisible = 0;
			defaultConfigurationName = Release;
		};
		953F48372AAA338F004234C9 /* Build configuration list for PBXNativeTarget "Countdown Application" */ = {
			isa = XCConfigurationList;
			buildConfigurations = (
				953F48382AAA338F004234C9 /* Debug */,
				953F48392AAA338F004234C9 /* Release */,
			);
			defaultConfigurationIsVisible = 0;
			defaultConfigurationName = Release;
		};
/* End XCConfigurationList section */

/* Begin XCRemoteSwiftPackageReference section */
		951CFA562AACAD1200E6468C /* XCRemoteSwiftPackageReference "MCEmojiPicker" */ = {
			isa = XCRemoteSwiftPackageReference;
			repositoryURL = "https://github.com/izyumkin/MCEmojiPicker";
			requirement = {
				kind = upToNextMajorVersion;
				minimumVersion = 1.0.0;
			};
		};
		951CFA592AADCEEA00E6468C /* XCRemoteSwiftPackageReference "realm-swift" */ = {
			isa = XCRemoteSwiftPackageReference;
			repositoryURL = "https://github.com/realm/realm-swift.git";
			requirement = {
				kind = upToNextMajorVersion;
				minimumVersion = 10.42.0;
			};
		};
/* End XCRemoteSwiftPackageReference section */

/* Begin XCSwiftPackageProductDependency section */
		951CFA572AACAD1200E6468C /* MCEmojiPicker */ = {
			isa = XCSwiftPackageProductDependency;
			package = 951CFA562AACAD1200E6468C /* XCRemoteSwiftPackageReference "MCEmojiPicker" */;
			productName = MCEmojiPicker;
		};
		951CFA5A2AADCEEA00E6468C /* Realm */ = {
			isa = XCSwiftPackageProductDependency;
			package = 951CFA592AADCEEA00E6468C /* XCRemoteSwiftPackageReference "realm-swift" */;
			productName = Realm;
		};
		951CFA5C2AADCEEA00E6468C /* RealmSwift */ = {
			isa = XCSwiftPackageProductDependency;
			package = 951CFA592AADCEEA00E6468C /* XCRemoteSwiftPackageReference "realm-swift" */;
			productName = RealmSwift;
		};
/* End XCSwiftPackageProductDependency section */
	};
	rootObject = 953F481B2AAA338D004234C9 /* Project object */;
}
